
Microsoft Visual Studio Solution File, Format Version 12.00
# Visual Studio Version 17
VisualStudioVersion = 17.12.35521.163 d17.12
MinimumVisualStudioVersion = 10.0.40219.1
Project("{FAE04EC0-301F-11D3-BF4B-00C04F79EFBC}") = "ComertApp", "ProiectPAW\ComertApp.csproj", "{089B6C82-D331-4B72-AC30-80FD88C73078}"
EndProject
Project("{FAE04EC0-301F-11D3-BF4B-00C04F79EFBC}") = "ComertControls", "ComertControls\ComertControls.csproj", "{4A1AB628-444F-4269-AE72-6D055B62B28A}"
EndProject
Global
	GlobalSection(SolutionConfigurationPlatforms) = preSolution
		Debug|Any CPU = Debug|Any CPU
		Release|Any CPU = Release|Any CPU
	EndGlobalSection
	GlobalSection(ProjectConfigurationPlatforms) = postSolution
		{089B6C82-D331-4B72-AC30-80FD88C73078}.Debug|Any CPU.ActiveCfg = Debug|Any CPU
		{089B6C82-D331-4B72-AC30-80FD88C73078}.Debug|Any CPU.Build.0 = Debug|Any CPU
		{089B6C82-D331-4B72-AC30-80FD88C73078}.Release|Any CPU.ActiveCfg = Release|Any CPU
		{089B6C82-D331-4B72-AC30-80FD88C73078}.Release|Any CPU.Build.0 = Release|Any CPU
		{4A1AB628-444F-4269-AE72-6D055B62B28A}.Debug|Any CPU.ActiveCfg = Debug|Any CPU
		{4A1AB628-444F-4269-AE72-6D055B62B28A}.Debug|Any CPU.Build.0 = Debug|Any CPU
		{4A1AB628-444F-4269-AE72-6D055B62B28A}.Release|Any CPU.ActiveCfg = Release|Any CPU
		{4A1AB628-444F-4269-AE72-6D055B62B28A}.Release|Any CPU.Build.0 = Release|Any CPU
	EndGlobalSection
	GlobalSection(SolutionProperties) = preSolution
		HideSolutionNode = FALSE
	EndGlobalSection
EndGlobal
